// !$*UTF8*$!
{
	archiveVersion = 1;
	classes = {
	};
	objectVersion = 55;
	objects = {

/* Begin PBXBuildFile section */
		CEAB7C3627E30F220067C022 /* AppDelegate.swift in Sources */ = {isa = PBXBuildFile; fileRef = CEAB7C3527E30F220067C022 /* AppDelegate.swift */; };
		CEAB7C3827E30F220067C022 /* SceneDelegate.swift in Sources */ = {isa = PBXBuildFile; fileRef = CEAB7C3727E30F220067C022 /* SceneDelegate.swift */; };
		CEAB7C3A27E30F220067C022 /* ViewController.swift in Sources */ = {isa = PBXBuildFile; fileRef = CEAB7C3927E30F220067C022 /* ViewController.swift */; };
		CEAB7C3D27E30F220067C022 /* Main.storyboard in Resources */ = {isa = PBXBuildFile; fileRef = CEAB7C3B27E30F220067C022 /* Main.storyboard */; };
		CEAB7C3F27E30F240067C022 /* Assets.xcassets in Resources */ = {isa = PBXBuildFile; fileRef = CEAB7C3E27E30F240067C022 /* Assets.xcassets */; };
		CEAB7C4227E30F240067C022 /* LaunchScreen.storyboard in Resources */ = {isa = PBXBuildFile; fileRef = CEAB7C4027E30F240067C022 /* LaunchScreen.storyboard */; };
		CEAB7C4D27E30F240067C022 /* AysncLetDemoTests.swift in Sources */ = {isa = PBXBuildFile; fileRef = CEAB7C4C27E30F240067C022 /* AysncLetDemoTests.swift */; };
		CEAB7C5727E30F240067C022 /* AysncLetDemoUITests.swift in Sources */ = {isa = PBXBuildFile; fileRef = CEAB7C5627E30F240067C022 /* AysncLetDemoUITests.swift */; };
		CEAB7C5927E30F240067C022 /* AysncLetDemoUITestsLaunchTests.swift in Sources */ = {isa = PBXBuildFile; fileRef = CEAB7C5827E30F240067C022 /* AysncLetDemoUITestsLaunchTests.swift */; };
/* End PBXBuildFile section */

/* Begin PBXContainerItemProxy section */
		CEAB7C4927E30F240067C022 /* PBXContainerItemProxy */ = {
			isa = PBXContainerItemProxy;
			containerPortal = CEAB7C2A27E30F220067C022 /* Project object */;
			proxyType = 1;
			remoteGlobalIDString = CEAB7C3127E30F220067C022;
			remoteInfo = AysncLetDemo;
		};
		CEAB7C5327E30F240067C022 /* PBXContainerItemProxy */ = {
			isa = PBXContainerItemProxy;
			containerPortal = CEAB7C2A27E30F220067C022 /* Project object */;
			proxyType = 1;
			remoteGlobalIDString = CEAB7C3127E30F220067C022;
			remoteInfo = AysncLetDemo;
		};
/* End PBXContainerItemProxy section */

/* Begin PBXFileReference section */
		CEAB7C3227E30F220067C022 /* AysncLetDemo.app */ = {isa = PBXFileReference; explicitFileType = wrapper.application; includeInIndex = 0; path = AysncLetDemo.app; sourceTree = BUILT_PRODUCTS_DIR; };
		CEAB7C3527E30F220067C022 /* AppDelegate.swift */ = {isa = PBXFileReference; lastKnownFileType = sourcecode.swift; path = AppDelegate.swift; sourceTree = "<group>"; };
		CEAB7C3727E30F220067C022 /* SceneDelegate.swift */ = {isa = PBXFileReference; lastKnownFileType = sourcecode.swift; path = SceneDelegate.swift; sourceTree = "<group>"; };
		CEAB7C3927E30F220067C022 /* ViewController.swift */ = {isa = PBXFileReference; lastKnownFileType = sourcecode.swift; path = ViewController.swift; sourceTree = "<group>"; };
		CEAB7C3C27E30F220067C022 /* Base */ = {isa = PBXFileReference; lastKnownFileType = file.storyboard; name = Base; path = Base.lproj/Main.storyboard; sourceTree = "<group>"; };
		CEAB7C3E27E30F240067C022 /* Assets.xcassets */ = {isa = PBXFileReference; lastKnownFileType = folder.assetcatalog; path = Assets.xcassets; sourceTree = "<group>"; };
		CEAB7C4127E30F240067C022 /* Base */ = {isa = PBXFileReference; lastKnownFileType = file.storyboard; name = Base; path = Base.lproj/LaunchScreen.storyboard; sourceTree = "<group>"; };
		CEAB7C4327E30F240067C022 /* Info.plist */ = {isa = PBXFileReference; lastKnownFileType = text.plist.xml; path = Info.plist; sourceTree = "<group>"; };
		CEAB7C4827E30F240067C022 /* AysncLetDemoTests.xctest */ = {isa = PBXFileReference; explicitFileType = wrapper.cfbundle; includeInIndex = 0; path = AysncLetDemoTests.xctest; sourceTree = BUILT_PRODUCTS_DIR; };
		CEAB7C4C27E30F240067C022 /* AysncLetDemoTests.swift */ = {isa = PBXFileReference; lastKnownFileType = sourcecode.swift; path = AysncLetDemoTests.swift; sourceTree = "<group>"; };
		CEAB7C5227E30F240067C022 /* AysncLetDemoUITests.xctest */ = {isa = PBXFileReference; explicitFileType = wrapper.cfbundle; includeInIndex = 0; path = AysncLetDemoUITests.xctest; sourceTree = BUILT_PRODUCTS_DIR; };
		CEAB7C5627E30F240067C022 /* AysncLetDemoUITests.swift */ = {isa = PBXFileReference; lastKnownFileType = sourcecode.swift; path = AysncLetDemoUITests.swift; sourceTree = "<group>"; };
		CEAB7C5827E30F240067C022 /* AysncLetDemoUITestsLaunchTests.swift */ = {isa = PBXFileReference; lastKnownFileType = sourcecode.swift; path = AysncLetDemoUITestsLaunchTests.swift; sourceTree = "<group>"; };
/* End PBXFileReference section */

/* Begin PBXFrameworksBuildPhase section */
		CEAB7C2F27E30F220067C022 /* Frameworks */ = {
			isa = PBXFrameworksBuildPhase;
			buildActionMask = 2147483647;
			files = (
			);
			runOnlyForDeploymentPostprocessing = 0;
		};
		CEAB7C4527E30F240067C022 /* Frameworks */ = {
			isa = PBXFrameworksBuildPhase;
			buildActionMask = 2147483647;
			files = (
			);
			runOnlyForDeploymentPostprocessing = 0;
		};
		CEAB7C4F27E30F240067C022 /* Frameworks */ = {
			isa = PBXFrameworksBuildPhase;
			buildActionMask = 2147483647;
			files = (
			);
			runOnlyForDeploymentPostprocessing = 0;
		};
/* End PBXFrameworksBuildPhase section */

/* Begin PBXGroup section */
		CEAB7C2927E30F220067C022 = {
			isa = PBXGroup;
			children = (
				CEAB7C3427E30F220067C022 /* AysncLetDemo */,
				CEAB7C4B27E30F240067C022 /* AysncLetDemoTests */,
				CEAB7C5527E30F240067C022 /* AysncLetDemoUITests */,
				CEAB7C3327E30F220067C022 /* Products */,
			);
			sourceTree = "<group>";
		};
		CEAB7C3327E30F220067C022 /* Products */ = {
			isa = PBXGroup;
			children = (
				CEAB7C3227E30F220067C022 /* AysncLetDemo.app */,
				CEAB7C4827E30F240067C022 /* AysncLetDemoTests.xctest */,
				CEAB7C5227E30F240067C022 /* AysncLetDemoUITests.xctest */,
			);
			name = Products;
			sourceTree = "<group>";
		};
		CEAB7C3427E30F220067C022 /* AysncLetDemo */ = {
			isa = PBXGroup;
			children = (
				CEAB7C3527E30F220067C022 /* AppDelegate.swift */,
				CEAB7C3727E30F220067C022 /* SceneDelegate.swift */,
				CEAB7C3927E30F220067C022 /* ViewController.swift */,
				CEAB7C3B27E30F220067C022 /* Main.storyboard */,
				CEAB7C3E27E30F240067C022 /* Assets.xcassets */,
				CEAB7C4027E30F240067C022 /* LaunchScreen.storyboard */,
				CEAB7C4327E30F240067C022 /* Info.plist */,
			);
			path = AysncLetDemo;
			sourceTree = "<group>";
		};
		CEAB7C4B27E30F240067C022 /* AysncLetDemoTests */ = {
			isa = PBXGroup;
			children = (
				CEAB7C4C27E30F240067C022 /* AysncLetDemoTests.swift */,
			);
			path = AysncLetDemoTests;
			sourceTree = "<group>";
		};
		CEAB7C5527E30F240067C022 /* AysncLetDemoUITests */ = {
			isa = PBXGroup;
			children = (
				CEAB7C5627E30F240067C022 /* AysncLetDemoUITests.swift */,
				CEAB7C5827E30F240067C022 /* AysncLetDemoUITestsLaunchTests.swift */,
			);
			path = AysncLetDemoUITests;
			sourceTree = "<group>";
		};
/* End PBXGroup section */

/* Begin PBXNativeTarget section */
		CEAB7C3127E30F220067C022 /* AysncLetDemo */ = {
			isa = PBXNativeTarget;
			buildConfigurationList = CEAB7C5C27E30F240067C022 /* Build configuration list for PBXNativeTarget "AysncLetDemo" */;
			buildPhases = (
				CEAB7C2E27E30F220067C022 /* Sources */,
				CEAB7C2F27E30F220067C022 /* Frameworks */,
				CEAB7C3027E30F220067C022 /* Resources */,
			);
			buildRules = (
			);
			dependencies = (
			);
			name = AysncLetDemo;
			productName = AysncLetDemo;
			productReference = CEAB7C3227E30F220067C022 /* AysncLetDemo.app */;
			productType = "com.apple.product-type.application";
		};
		CEAB7C4727E30F240067C022 /* AysncLetDemoTests */ = {
			isa = PBXNativeTarget;
			buildConfigurationList = CEAB7C5F27E30F240067C022 /* Build configuration list for PBXNativeTarget "AysncLetDemoTests" */;
			buildPhases = (
				CEAB7C4427E30F240067C022 /* Sources */,
				CEAB7C4527E30F240067C022 /* Frameworks */,
				CEAB7C4627E30F240067C022 /* Resources */,
			);
			buildRules = (
			);
			dependencies = (
				CEAB7C4A27E30F240067C022 /* PBXTargetDependency */,
			);
			name = AysncLetDemoTests;
			productName = AysncLetDemoTests;
			productReference = CEAB7C4827E30F240067C022 /* AysncLetDemoTests.xctest */;
			productType = "com.apple.product-type.bundle.unit-test";
		};
		CEAB7C5127E30F240067C022 /* AysncLetDemoUITests */ = {
			isa = PBXNativeTarget;
			buildConfigurationList = CEAB7C6227E30F240067C022 /* Build configuration list for PBXNativeTarget "AysncLetDemoUITests" */;
			buildPhases = (
				CEAB7C4E27E30F240067C022 /* Sources */,
				CEAB7C4F27E30F240067C022 /* Frameworks */,
				CEAB7C5027E30F240067C022 /* Resources */,
			);
			buildRules = (
			);
			dependencies = (
				CEAB7C5427E30F240067C022 /* PBXTargetDependency */,
			);
			name = AysncLetDemoUITests;
			productName = AysncLetDemoUITests;
			productReference = CEAB7C5227E30F240067C022 /* AysncLetDemoUITests.xctest */;
			productType = "com.apple.product-type.bundle.ui-testing";
		};
/* End PBXNativeTarget section */

/* Begin PBXProject section */
		CEAB7C2A27E30F220067C022 /* Project object */ = {
			isa = PBXProject;
			attributes = {
				BuildIndependentTargetsInParallel = 1;
				LastSwiftUpdateCheck = 1330;
				LastUpgradeCheck = 1330;
				TargetAttributes = {
					CEAB7C3127E30F220067C022 = {
						CreatedOnToolsVersion = 13.3;
					};
					CEAB7C4727E30F240067C022 = {
						CreatedOnToolsVersion = 13.3;
						TestTargetID = CEAB7C3127E30F220067C022;
					};
					CEAB7C5127E30F240067C022 = {
						CreatedOnToolsVersion = 13.3;
						TestTargetID = CEAB7C3127E30F220067C022;
					};
				};
			};
			buildConfigurationList = CEAB7C2D27E30F220067C022 /* Build configuration list for PBXProject "AysncLetDemo" */;
			compatibilityVersion = "Xcode 13.0";
			developmentRegion = en;
			hasScannedForEncodings = 0;
			knownRegions = (
				en,
				Base,
			);
			mainGroup = CEAB7C2927E30F220067C022;
			productRefGroup = CEAB7C3327E30F220067C022 /* Products */;
			projectDirPath = "";
			projectRoot = "";
			targets = (
				CEAB7C3127E30F220067C022 /* AysncLetDemo */,
				CEAB7C4727E30F240067C022 /* AysncLetDemoTests */,
				CEAB7C5127E30F240067C022 /* AysncLetDemoUITests */,
			);
		};
/* End PBXProject section */

/* Begin PBXResourcesBuildPhase section */
		CEAB7C3027E30F220067C022 /* Resources */ = {
			isa = PBXResourcesBuildPhase;
			buildActionMask = 2147483647;
			files = (
				CEAB7C4227E30F240067C022 /* LaunchScreen.storyboard in Resources */,
				CEAB7C3F27E30F240067C022 /* Assets.xcassets in Resources */,
				CEAB7C3D27E30F220067C022 /* Main.storyboard in Resources */,
			);
			runOnlyForDeploymentPostprocessing = 0;
		};
		CEAB7C4627E30F240067C022 /* Resources */ = {
			isa = PBXResourcesBuildPhase;
			buildActionMask = 2147483647;
			files = (
			);
			runOnlyForDeploymentPostprocessing = 0;
		};
		CEAB7C5027E30F240067C022 /* Resources */ = {
			isa = PBXResourcesBuildPhase;
			buildActionMask = 2147483647;
			files = (
			);
			runOnlyForDeploymentPostprocessing = 0;
		};
/* End PBXResourcesBuildPhase section */

/* Begin PBXSourcesBuildPhase section */
		CEAB7C2E27E30F220067C022 /* Sources */ = {
			isa = PBXSourcesBuildPhase;
			buildActionMask = 2147483647;
			files = (
				CEAB7C3A27E30F220067C022 /* ViewController.swift in Sources */,
				CEAB7C3627E30F220067C022 /* AppDelegate.swift in Sources */,
				CEAB7C3827E30F220067C022 /* SceneDelegate.swift in Sources */,
			);
			runOnlyForDeploymentPostprocessing = 0;
		};
		CEAB7C4427E30F240067C022 /* Sources */ = {
			isa = PBXSourcesBuildPhase;
			buildActionMask = 2147483647;
			files = (
				CEAB7C4D27E30F240067C022 /* AysncLetDemoTests.swift in Sources */,
			);
			runOnlyForDeploymentPostprocessing = 0;
		};
		CEAB7C4E27E30F240067C022 /* Sources */ = {
			isa = PBXSourcesBuildPhase;
			buildActionMask = 2147483647;
			files = (
				CEAB7C5927E30F240067C022 /* AysncLetDemoUITestsLaunchTests.swift in Sources */,
				CEAB7C5727E30F240067C022 /* AysncLetDemoUITests.swift in Sources */,
			);
			runOnlyForDeploymentPostprocessing = 0;
		};
/* End PBXSourcesBuildPhase section */

/* Begin PBXTargetDependency section */
		CEAB7C4A27E30F240067C022 /* PBXTargetDependency */ = {
			isa = PBXTargetDependency;
			target = CEAB7C3127E30F220067C022 /* AysncLetDemo */;
			targetProxy = CEAB7C4927E30F240067C022 /* PBXContainerItemProxy */;
		};
		CEAB7C5427E30F240067C022 /* PBXTargetDependency */ = {
			isa = PBXTargetDependency;
			target = CEAB7C3127E30F220067C022 /* AysncLetDemo */;
			targetProxy = CEAB7C5327E30F240067C022 /* PBXContainerItemProxy */;
		};
/* End PBXTargetDependency section */

/* Begin PBXVariantGroup section */
		CEAB7C3B27E30F220067C022 /* Main.storyboard */ = {
			isa = PBXVariantGroup;
			children = (
				CEAB7C3C27E30F220067C022 /* Base */,
			);
			name = Main.storyboard;
			sourceTree = "<group>";
		};
		CEAB7C4027E30F240067C022 /* LaunchScreen.storyboard */ = {
			isa = PBXVariantGroup;
			children = (
				CEAB7C4127E30F240067C022 /* Base */,
			);
			name = LaunchScreen.storyboard;
			sourceTree = "<group>";
		};
/* End PBXVariantGroup section */

/* Begin XCBuildConfiguration section */
		CEAB7C5A27E30F240067C022 /* Debug */ = {
			isa = XCBuildConfiguration;
			buildSettings = {
				ALWAYS_SEARCH_USER_PATHS = NO;
				CLANG_ANALYZER_NONNULL = YES;
				CLANG_ANALYZER_NUMBER_OBJECT_CONVERSION = YES_AGGRESSIVE;
				CLANG_CXX_LANGUAGE_STANDARD = "gnu++17";
				CLANG_ENABLE_MODULES = YES;
				CLANG_ENABLE_OBJC_ARC = YES;
				CLANG_ENABLE_OBJC_WEAK = YES;
				CLANG_WARN_BLOCK_CAPTURE_AUTORELEASING = YES;
				CLANG_WARN_BOOL_CONVERSION = YES;
				CLANG_WARN_COMMA = YES;
				CLANG_WARN_CONSTANT_CONVERSION = YES;
				CLANG_WARN_DEPRECATED_OBJC_IMPLEMENTATIONS = YES;
				CLANG_WARN_DIRECT_OBJC_ISA_USAGE = YES_ERROR;
				CLANG_WARN_DOCUMENTATION_COMMENTS = YES;
				CLANG_WARN_EMPTY_BODY = YES;
				CLANG_WARN_ENUM_CONVERSION = YES;
				CLANG_WARN_INFINITE_RECURSION = YES;
				CLANG_WARN_INT_CONVERSION = YES;
				CLANG_WARN_NON_LITERAL_NULL_CONVERSION = YES;
				CLANG_WARN_OBJC_IMPLICIT_RETAIN_SELF = YES;
				CLANG_WARN_OBJC_LITERAL_CONVERSION = YES;
				CLANG_WARN_OBJC_ROOT_CLASS = YES_ERROR;
				CLANG_WARN_QUOTED_INCLUDE_IN_FRAMEWORK_HEADER = YES;
				CLANG_WARN_RANGE_LOOP_ANALYSIS = YES;
				CLANG_WARN_STRICT_PROTOTYPES = YES;
				CLANG_WARN_SUSPICIOUS_MOVE = YES;
				CLANG_WARN_UNGUARDED_AVAILABILITY = YES_AGGRESSIVE;
				CLANG_WARN_UNREACHABLE_CODE = YES;
				CLANG_WARN__DUPLICATE_METHOD_MATCH = YES;
				COPY_PHASE_STRIP = NO;
				DEBUG_INFORMATION_FORMAT = dwarf;
				ENABLE_STRICT_OBJC_MSGSEND = YES;
				ENABLE_TESTABILITY = YES;
				GCC_C_LANGUAGE_STANDARD = gnu11;
				GCC_DYNAMIC_NO_PIC = NO;
				GCC_NO_COMMON_BLOCKS = YES;
				GCC_OPTIMIZATION_LEVEL = 0;
				GCC_PREPROCESSOR_DEFINITIONS = (
					"DEBUG=1",
					"$(inherited)",
				);
				GCC_WARN_64_TO_32_BIT_CONVERSION = YES;
				GCC_WARN_ABOUT_RETURN_TYPE = YES_ERROR;
				GCC_WARN_UNDECLARED_SELECTOR = YES;
				GCC_WARN_UNINITIALIZED_AUTOS = YES_AGGRESSIVE;
				GCC_WARN_UNUSED_FUNCTION = YES;
				GCC_WARN_UNUSED_VARIABLE = YES;
				IPHONEOS_DEPLOYMENT_TARGET = 15.4;
				MTL_ENABLE_DEBUG_INFO = INCLUDE_SOURCE;
				MTL_FAST_MATH = YES;
				ONLY_ACTIVE_ARCH = YES;
				SDKROOT = iphoneos;
				SWIFT_ACTIVE_COMPILATION_CONDITIONS = DEBUG;
				SWIFT_OPTIMIZATION_LEVEL = "-Onone";
			};
			name = Debug;
		};
		CEAB7C5B27E30F240067C022 /* Release */ = {
			isa = XCBuildConfiguration;
			buildSettings = {
				ALWAYS_SEARCH_USER_PATHS = NO;
				CLANG_ANALYZER_NONNULL = YES;
				CLANG_ANALYZER_NUMBER_OBJECT_CONVERSION = YES_AGGRESSIVE;
				CLANG_CXX_LANGUAGE_STANDARD = "gnu++17";
				CLANG_ENABLE_MODULES = YES;
				CLANG_ENABLE_OBJC_ARC = YES;
				CLANG_ENABLE_OBJC_WEAK = YES;
				CLANG_WARN_BLOCK_CAPTURE_AUTORELEASING = YES;
				CLANG_WARN_BOOL_CONVERSION = YES;
				CLANG_WARN_COMMA = YES;
				CLANG_WARN_CONSTANT_CONVERSION = YES;
				CLANG_WARN_DEPRECATED_OBJC_IMPLEMENTATIONS = YES;
				CLANG_WARN_DIRECT_OBJC_ISA_USAGE = YES_ERROR;
				CLANG_WARN_DOCUMENTATION_COMMENTS = YES;
				CLANG_WARN_EMPTY_BODY = YES;
				CLANG_WARN_ENUM_CONVERSION = YES;
				CLANG_WARN_INFINITE_RECURSION = YES;
				CLANG_WARN_INT_CONVERSION = YES;
				CLANG_WARN_NON_LITERAL_NULL_CONVERSION = YES;
				CLANG_WARN_OBJC_IMPLICIT_RETAIN_SELF = YES;
				CLANG_WARN_OBJC_LITERAL_CONVERSION = YES;
				CLANG_WARN_OBJC_ROOT_CLASS = YES_ERROR;
				CLANG_WARN_QUOTED_INCLUDE_IN_FRAMEWORK_HEADER = YES;
				CLANG_WARN_RANGE_LOOP_ANALYSIS = YES;
				CLANG_WARN_STRICT_PROTOTYPES = YES;
				CLANG_WARN_SUSPICIOUS_MOVE = YES;
				CLANG_WARN_UNGUARDED_AVAILABILITY = YES_AGGRESSIVE;
				CLANG_WARN_UNREACHABLE_CODE = YES;
				CLANG_WARN__DUPLICATE_METHOD_MATCH = YES;
				COPY_PHASE_STRIP = NO;
				DEBUG_INFORMATION_FORMAT = "dwarf-with-dsym";
				ENABLE_NS_ASSERTIONS = NO;
				ENABLE_STRICT_OBJC_MSGSEND = YES;
				GCC_C_LANGUAGE_STANDARD = gnu11;
				GCC_NO_COMMON_BLOCKS = YES;
				GCC_WARN_64_TO_32_BIT_CONVERSION = YES;
				GCC_WARN_ABOUT_RETURN_TYPE = YES_ERROR;
				GCC_WARN_UNDECLARED_SELECTOR = YES;
				GCC_WARN_UNINITIALIZED_AUTOS = YES_AGGRESSIVE;
				GCC_WARN_UNUSED_FUNCTION = YES;
				GCC_WARN_UNUSED_VARIABLE = YES;
				IPHONEOS_DEPLOYMENT_TARGET = 15.4;
				MTL_ENABLE_DEBUG_INFO = NO;
				MTL_FAST_MATH = YES;
				SDKROOT = iphoneos;
				SWIFT_COMPILATION_MODE = wholemodule;
				SWIFT_OPTIMIZATION_LEVEL = "-O";
				VALIDATE_PRODUCT = YES;
			};
			name = Release;
		};
		CEAB7C5D27E30F240067C022 /* Debug */ = {
			isa = XCBuildConfiguration;
			buildSettings = {
				ASSETCATALOG_COMPILER_APPICON_NAME = AppIcon;
				ASSETCATALOG_COMPILER_GLOBAL_ACCENT_COLOR_NAME = AccentColor;
				CODE_SIGN_STYLE = Automatic;
				CURRENT_PROJECT_VERSION = 1;
				DEVELOPMENT_TEAM = TR95D7JL29;
				GENERATE_INFOPLIST_FILE = YES;
				INFOPLIST_FILE = AysncLetDemo/Info.plist;
				INFOPLIST_KEY_UIApplicationSupportsIndirectInputEvents = YES;
				INFOPLIST_KEY_UILaunchStoryboardName = LaunchScreen;
				INFOPLIST_KEY_UIMainStoryboardFile = Main;
				INFOPLIST_KEY_UISupportedInterfaceOrientations_iPad = "UIInterfaceOrientationPortrait UIInterfaceOrientationPortraitUpsideDown UIInterfaceOrientationLandscapeLeft UIInterfaceOrientationLandscapeRight";
				INFOPLIST_KEY_UISupportedInterfaceOrientations_iPhone = "UIInterfaceOrientationPortrait UIInterfaceOrientationLandscapeLeft UIInterfaceOrientationLandscapeRight";
				LD_RUNPATH_SEARCH_PATHS = (
					"$(inherited)",
					"@executable_path/Frameworks",
				);
				MARKETING_VERSION = 1.0;
				PRODUCT_BUNDLE_IDENTIFIER = demo.app.ci;
				PRODUCT_NAME = "$(TARGET_NAME)";
				SWIFT_EMIT_LOC_STRINGS = YES;
				SWIFT_VERSION = 5.0;
				TARGETED_DEVICE_FAMILY = "1,2";
			};
			name = Debug;
		};
		CEAB7C5E27E30F240067C022 /* Release */ = {
			isa = XCBuildConfiguration;
			buildSettings = {
				ASSETCATALOG_COMPILER_APPICON_NAME = AppIcon;
				ASSETCATALOG_COMPILER_GLOBAL_ACCENT_COLOR_NAME = AccentColor;
				CODE_SIGN_STYLE = Automatic;
				CURRENT_PROJECT_VERSION = 1;
				DEVELOPMENT_TEAM = TR95D7JL29;
				GENERATE_INFOPLIST_FILE = YES;
				INFOPLIST_FILE = AysncLetDemo/Info.plist;
				INFOPLIST_KEY_UIApplicationSupportsIndirectInputEvents = YES;
				INFOPLIST_KEY_UILaunchStoryboardName = LaunchScreen;
				INFOPLIST_KEY_UIMainStoryboardFile = Main;
				INFOPLIST_KEY_UISupportedInterfaceOrientations_iPad = "UIInterfaceOrientationPortrait UIInterfaceOrientationPortraitUpsideDown UIInterfaceOrientationLandscapeLeft UIInterfaceOrientationLandscapeRight";
				INFOPLIST_KEY_UISupportedInterfaceOrientations_iPhone = "UIInterfaceOrientationPortrait UIInterfaceOrientationLandscapeLeft UIInterfaceOrientationLandscapeRight";
				LD_RUNPATH_SEARCH_PATHS = (
					"$(inherited)",
					"@executable_path/Frameworks",
				);
				MARKETING_VERSION = 1.0;
				PRODUCT_BUNDLE_IDENTIFIER = demo.app.ci;
				PRODUCT_NAME = "$(TARGET_NAME)";
				SWIFT_EMIT_LOC_STRINGS = YES;
				SWIFT_VERSION = 5.0;
				TARGETED_DEVICE_FAMILY = "1,2";
			};
			name = Release;
		};
		CEAB7C6027E30F240067C022 /* Debug */ = {
			isa = XCBuildConfiguration;
			buildSettings = {
				ALWAYS_EMBED_SWIFT_STANDARD_LIBRARIES = YES;
				BUNDLE_LOADER = "$(TEST_HOST)";
				CODE_SIGN_STYLE = Automatic;
				CURRENT_PROJECT_VERSION = 1;
				GENERATE_INFOPLIST_FILE = YES;
				IPHONEOS_DEPLOYMENT_TARGET = 15.4;
				MARKETING_VERSION = 1.0;
				PRODUCT_BUNDLE_IDENTIFIER = XingSpace.AysncLetDemoTests;
				PRODUCT_NAME = "$(TARGET_NAME)";
				SWIFT_EMIT_LOC_STRINGS = NO;
				SWIFT_VERSION = 5.0;
				TARGETED_DEVICE_FAMILY = "1,2";
				TEST_HOST = "$(BUILT_PRODUCTS_DIR)/AysncLetDemo.app/AysncLetDemo";
			};
			name = Debug;
		};
		CEAB7C6127E30F240067C022 /* Release */ = {
			isa = XCBuildConfiguration;
			buildSettings = {
				ALWAYS_EMBED_SWIFT_STANDARD_LIBRARIES = YES;
				BUNDLE_LOADER = "$(TEST_HOST)";
				CODE_SIGN_STYLE = Automatic;
				CURRENT_PROJECT_VERSION = 1;
				GENERATE_INFOPLIST_FILE = YES;
				IPHONEOS_DEPLOYMENT_TARGET = 15.4;
				MARKETING_VERSION = 1.0;
				PRODUCT_BUNDLE_IDENTIFIER = XingSpace.AysncLetDemoTests;
				PRODUCT_NAME = "$(TARGET_NAME)";
				SWIFT_EMIT_LOC_STRINGS = NO;
				SWIFT_VERSION = 5.0;
				TARGETED_DEVICE_FAMILY = "1,2";
				TEST_HOST = "$(BUILT_PRODUCTS_DIR)/AysncLetDemo.app/AysncLetDemo";
			};
			name = Release;
		};
		CEAB7C6327E30F240067C022 /* Debug */ = {
			isa = XCBuildConfiguration;
			buildSettings = {
				ALWAYS_EMBED_SWIFT_STANDARD_LIBRARIES = YES;
				CODE_SIGN_STYLE = Automatic;
				CURRENT_PROJECT_VERSION = 1;
				GENERATE_INFOPLIST_FILE = YES;
				MARKETING_VERSION = 1.0;
				PRODUCT_BUNDLE_IDENTIFIER = XingSpace.AysncLetDemoUITests;
				PRODUCT_NAME = "$(TARGET_NAME)";
				SWIFT_EMIT_LOC_STRINGS = NO;
				SWIFT_VERSION = 5.0;
				TARGETED_DEVICE_FAMILY = "1,2";
				TEST_TARGET_NAME = AysncLetDemo;
			};
			name = Debug;
		};
		CEAB7C6427E30F240067C022 /* Release */ = {
			isa = XCBuildConfiguration;
			buildSettings = {
				ALWAYS_EMBED_SWIFT_STANDARD_LIBRARIES = YES;
				CODE_SIGN_STYLE = Automatic;
				CURRENT_PROJECT_VERSION = 1;
				GENERATE_INFOPLIST_FILE = YES;
				MARKETING_VERSION = 1.0;
				PRODUCT_BUNDLE_IDENTIFIER = XingSpace.AysncLetDemoUITests;
				PRODUCT_NAME = "$(TARGET_NAME)";
				SWIFT_EMIT_LOC_STRINGS = NO;
				SWIFT_VERSION = 5.0;
				TARGETED_DEVICE_FAMILY = "1,2";
				TEST_TARGET_NAME = AysncLetDemo;
			};
			name = Release;
		};
/* End XCBuildConfiguration section */

/* Begin XCConfigurationList section */
		CEAB7C2D27E30F220067C022 /* Build configuration list for PBXProject "AysncLetDemo" */ = {
			isa = XCConfigurationList;
			buildConfigurations = (
				CEAB7C5A27E30F240067C022 /* Debug */,
				CEAB7C5B27E30F240067C022 /* Release */,
			);
			defaultConfigurationIsVisible = 0;
			defaultConfigurationName = Release;
		};
		CEAB7C5C27E30F240067C022 /* Build configuration list for PBXNativeTarget "AysncLetDemo" */ = {
			isa = XCConfigurationList;
			buildConfigurations = (
				CEAB7C5D27E30F240067C022 /* Debug */,
				CEAB7C5E27E30F240067C022 /* Release */,
			);
			defaultConfigurationIsVisible = 0;
			defaultConfigurationName = Release;
		};
		CEAB7C5F27E30F240067C022 /* Build configuration list for PBXNativeTarget "AysncLetDemoTests" */ = {
			isa = XCConfigurationList;
			buildConfigurations = (
				CEAB7C6027E30F240067C022 /* Debug */,
				CEAB7C6127E30F240067C022 /* Release */,
			);
			defaultConfigurationIsVisible = 0;
			defaultConfigurationName = Release;
		};
		CEAB7C6227E30F240067C022 /* Build configuration list for PBXNativeTarget "AysncLetDemoUITests" */ = {
			isa = XCConfigurationList;
			buildConfigurations = (
				CEAB7C6327E30F240067C022 /* Debug */,
				CEAB7C6427E30F240067C022 /* Release */,
			);
			defaultConfigurationIsVisible = 0;
			defaultConfigurationName = Release;
		};
/* End XCConfigurationList section */
	};
	rootObject = CEAB7C2A27E30F220067C022 /* Project object */;
}
